
Microsoft Visual Studio Solution File, Format Version 12.00
# Visual Studio Version 17
VisualStudioVersion = 17.6.33829.357
MinimumVisualStudioVersion = 10.0.40219.1
Project("{FAE04EC0-301F-11D3-BF4B-00C04F79EFBC}") = "Net project 1", "Net project1.1\Net project 1.csproj", "{D94A4BD5-67DB-4EFA-9E98-CC076E21BAA9}"
EndProject
Global
	GlobalSection(SolutionConfigurationPlatforms) = preSolution
		Debug|Any CPU = Debug|Any CPU
		Release|Any CPU = Release|Any CPU
	EndGlobalSection
	GlobalSection(ProjectConfigurationPlatforms) = postSolution
		{D94A4BD5-67DB-4EFA-9E98-CC076E21BAA9}.Debug|Any CPU.ActiveCfg = Debug|Any CPU
		{D94A4BD5-67DB-4EFA-9E98-CC076E21BAA9}.Debug|Any CPU.Build.0 = Debug|Any CPU
		{D94A4BD5-67DB-4EFA-9E98-CC076E21BAA9}.Release|Any CPU.ActiveCfg = Release|Any CPU
		{D94A4BD5-67DB-4EFA-9E98-CC076E21BAA9}.Release|Any CPU.Build.0 = Release|Any CPU
	EndGlobalSection
	GlobalSection(SolutionProperties) = preSolution
		HideSolutionNode = FALSE
	EndGlobalSection
	GlobalSection(ExtensibilityGlobals) = postSolution
		SolutionGuid = {E013C898-EA8D-4EC3-B440-09B18655C6F1}
	EndGlobalSection
EndGlobal
